// !$*UTF8*$!
{
	archiveVersion = 1;
	classes = {
	};
	objectVersion = 56;
	objects = {

/* Begin PBXBuildFile section */
		49C301BD2B8B9D6400BDAE9E /* AppDelegate.swift in Sources */ = {isa = PBXBuildFile; fileRef = 49C301BC2B8B9D6400BDAE9E /* AppDelegate.swift */; };
		49C301BF2B8B9D6400BDAE9E /* SceneDelegate.swift in Sources */ = {isa = PBXBuildFile; fileRef = 49C301BE2B8B9D6400BDAE9E /* SceneDelegate.swift */; };
		49C301C12B8B9D6400BDAE9E /* MainCryptoInfoViewController.swift in Sources */ = {isa = PBXBuildFile; fileRef = 49C301C02B8B9D6400BDAE9E /* MainCryptoInfoViewController.swift */; };
		49C301C62B8B9D6600BDAE9E /* Assets.xcassets in Resources */ = {isa = PBXBuildFile; fileRef = 49C301C52B8B9D6600BDAE9E /* Assets.xcassets */; };
		49C301D92B8BADA900BDAE9E /* MainPortfolioViewController.swift in Sources */ = {isa = PBXBuildFile; fileRef = 49C301D82B8BADA900BDAE9E /* MainPortfolioViewController.swift */; };
		49C301DC2B8BB09D00BDAE9E /* Titles.swift in Sources */ = {isa = PBXBuildFile; fileRef = 49C301DB2B8BB09C00BDAE9E /* Titles.swift */; };
		49C301DE2B8BB0DE00BDAE9E /* ColorsSet.swift in Sources */ = {isa = PBXBuildFile; fileRef = 49C301DD2B8BB0DE00BDAE9E /* ColorsSet.swift */; };
		49C301E02B8BB0FD00BDAE9E /* ImageNames.swift in Sources */ = {isa = PBXBuildFile; fileRef = 49C301DF2B8BB0FD00BDAE9E /* ImageNames.swift */; };
		49C301E22B8BBDDC00BDAE9E /* CellIdentificators.swift in Sources */ = {isa = PBXBuildFile; fileRef = 49C301E12B8BBDDC00BDAE9E /* CellIdentificators.swift */; };
		49C301E42B8BBEA900BDAE9E /* ExchangeListTableViewCell.swift in Sources */ = {isa = PBXBuildFile; fileRef = 49C301E32B8BBEA900BDAE9E /* ExchangeListTableViewCell.swift */; };
		49C301E72B8BC95400BDAE9E /* NetworkManager.swift in Sources */ = {isa = PBXBuildFile; fileRef = 49C301E62B8BC95400BDAE9E /* NetworkManager.swift */; };
		49C301EA2B8BCD2C00BDAE9E /* ExchangeInfoModel.swift in Sources */ = {isa = PBXBuildFile; fileRef = 49C301E92B8BCD2C00BDAE9E /* ExchangeInfoModel.swift */; };
		49C301EC2B8BCD6100BDAE9E /* TickersDailyInfoModel.swift in Sources */ = {isa = PBXBuildFile; fileRef = 49C301EB2B8BCD6100BDAE9E /* TickersDailyInfoModel.swift */; };
		49C301EE2B8BCD8E00BDAE9E /* KlinesModel.swift in Sources */ = {isa = PBXBuildFile; fileRef = 49C301ED2B8BCD8E00BDAE9E /* KlinesModel.swift */; };
		646FE2F6CA31DD65C4987864 /* Pods_AssetCryptoHub.framework in Frameworks */ = {isa = PBXBuildFile; fileRef = 6D59E835115B2F715A21FA02 /* Pods_AssetCryptoHub.framework */; };
/* End PBXBuildFile section */

/* Begin PBXFileReference section */
		00991A43C45615680D679D64 /* Pods-AssetCryptoHub.debug.xcconfig */ = {isa = PBXFileReference; includeInIndex = 1; lastKnownFileType = text.xcconfig; name = "Pods-AssetCryptoHub.debug.xcconfig"; path = "Target Support Files/Pods-AssetCryptoHub/Pods-AssetCryptoHub.debug.xcconfig"; sourceTree = "<group>"; };
		49C301B92B8B9D6400BDAE9E /* AssetCryptoHub.app */ = {isa = PBXFileReference; explicitFileType = wrapper.application; includeInIndex = 0; path = AssetCryptoHub.app; sourceTree = BUILT_PRODUCTS_DIR; };
		49C301BC2B8B9D6400BDAE9E /* AppDelegate.swift */ = {isa = PBXFileReference; lastKnownFileType = sourcecode.swift; path = AppDelegate.swift; sourceTree = "<group>"; };
		49C301BE2B8B9D6400BDAE9E /* SceneDelegate.swift */ = {isa = PBXFileReference; lastKnownFileType = sourcecode.swift; path = SceneDelegate.swift; sourceTree = "<group>"; };
		49C301C02B8B9D6400BDAE9E /* MainCryptoInfoViewController.swift */ = {isa = PBXFileReference; lastKnownFileType = sourcecode.swift; path = MainCryptoInfoViewController.swift; sourceTree = "<group>"; };
		49C301C52B8B9D6600BDAE9E /* Assets.xcassets */ = {isa = PBXFileReference; lastKnownFileType = folder.assetcatalog; path = Assets.xcassets; sourceTree = "<group>"; };
		49C301CA2B8B9D6600BDAE9E /* Info.plist */ = {isa = PBXFileReference; lastKnownFileType = text.plist.xml; path = Info.plist; sourceTree = "<group>"; };
		49C301D82B8BADA900BDAE9E /* MainPortfolioViewController.swift */ = {isa = PBXFileReference; lastKnownFileType = sourcecode.swift; path = MainPortfolioViewController.swift; sourceTree = "<group>"; };
		49C301DB2B8BB09C00BDAE9E /* Titles.swift */ = {isa = PBXFileReference; lastKnownFileType = sourcecode.swift; path = Titles.swift; sourceTree = "<group>"; };
		49C301DD2B8BB0DE00BDAE9E /* ColorsSet.swift */ = {isa = PBXFileReference; lastKnownFileType = sourcecode.swift; path = ColorsSet.swift; sourceTree = "<group>"; };
		49C301DF2B8BB0FD00BDAE9E /* ImageNames.swift */ = {isa = PBXFileReference; lastKnownFileType = sourcecode.swift; path = ImageNames.swift; sourceTree = "<group>"; };
		49C301E12B8BBDDC00BDAE9E /* CellIdentificators.swift */ = {isa = PBXFileReference; lastKnownFileType = sourcecode.swift; path = CellIdentificators.swift; sourceTree = "<group>"; };
		49C301E32B8BBEA900BDAE9E /* ExchangeListTableViewCell.swift */ = {isa = PBXFileReference; lastKnownFileType = sourcecode.swift; path = ExchangeListTableViewCell.swift; sourceTree = "<group>"; };
		49C301E62B8BC95400BDAE9E /* NetworkManager.swift */ = {isa = PBXFileReference; lastKnownFileType = sourcecode.swift; path = NetworkManager.swift; sourceTree = "<group>"; };
		49C301E92B8BCD2C00BDAE9E /* ExchangeInfoModel.swift */ = {isa = PBXFileReference; lastKnownFileType = sourcecode.swift; path = ExchangeInfoModel.swift; sourceTree = "<group>"; };
		49C301EB2B8BCD6100BDAE9E /* TickersDailyInfoModel.swift */ = {isa = PBXFileReference; lastKnownFileType = sourcecode.swift; path = TickersDailyInfoModel.swift; sourceTree = "<group>"; };
		49C301ED2B8BCD8E00BDAE9E /* KlinesModel.swift */ = {isa = PBXFileReference; lastKnownFileType = sourcecode.swift; path = KlinesModel.swift; sourceTree = "<group>"; };
		6D59E835115B2F715A21FA02 /* Pods_AssetCryptoHub.framework */ = {isa = PBXFileReference; explicitFileType = wrapper.framework; includeInIndex = 0; path = Pods_AssetCryptoHub.framework; sourceTree = BUILT_PRODUCTS_DIR; };
		E1F33273D8C52EECA31FB2BC /* Pods-AssetCryptoHub.release.xcconfig */ = {isa = PBXFileReference; includeInIndex = 1; lastKnownFileType = text.xcconfig; name = "Pods-AssetCryptoHub.release.xcconfig"; path = "Target Support Files/Pods-AssetCryptoHub/Pods-AssetCryptoHub.release.xcconfig"; sourceTree = "<group>"; };
/* End PBXFileReference section */

/* Begin PBXFrameworksBuildPhase section */
		49C301B62B8B9D6400BDAE9E /* Frameworks */ = {
			isa = PBXFrameworksBuildPhase;
			buildActionMask = 2147483647;
			files = (
				646FE2F6CA31DD65C4987864 /* Pods_AssetCryptoHub.framework in Frameworks */,
			);
			runOnlyForDeploymentPostprocessing = 0;
		};
/* End PBXFrameworksBuildPhase section */

/* Begin PBXGroup section */
		49C301B02B8B9D6400BDAE9E = {
			isa = PBXGroup;
			children = (
				49C301BB2B8B9D6400BDAE9E /* AssetCryptoHub */,
				49C301BA2B8B9D6400BDAE9E /* Products */,
				8C40A283C45BA8ADE89D9CFD /* Pods */,
				AA89727C26CBAC14C85B32B6 /* Frameworks */,
			);
			sourceTree = "<group>";
		};
		49C301BA2B8B9D6400BDAE9E /* Products */ = {
			isa = PBXGroup;
			children = (
				49C301B92B8B9D6400BDAE9E /* AssetCryptoHub.app */,
			);
			name = Products;
			sourceTree = "<group>";
		};
		49C301BB2B8B9D6400BDAE9E /* AssetCryptoHub */ = {
			isa = PBXGroup;
			children = (
				49C301D22B8BAA9500BDAE9E /* App */,
				49C301DA2B8BB08B00BDAE9E /* Constants */,
				49C301E52B8BC92700BDAE9E /* Common */,
				49C301E82B8BCD0700BDAE9E /* Models */,
				49C301D02B8BAA5E00BDAE9E /* CryptoInfo */,
				49C301D12B8BAA8500BDAE9E /* Portfolio */,
				49C301C52B8B9D6600BDAE9E /* Assets.xcassets */,
				49C301CA2B8B9D6600BDAE9E /* Info.plist */,
			);
			path = AssetCryptoHub;
			sourceTree = "<group>";
		};
		49C301D02B8BAA5E00BDAE9E /* CryptoInfo */ = {
			isa = PBXGroup;
			children = (
				49C301D32B8BAAA500BDAE9E /* MainScreen */,
			);
			path = CryptoInfo;
			sourceTree = "<group>";
		};
		49C301D12B8BAA8500BDAE9E /* Portfolio */ = {
			isa = PBXGroup;
			children = (
				49C301D72B8BAD6D00BDAE9E /* MainScreen */,
			);
			path = Portfolio;
			sourceTree = "<group>";
		};
		49C301D22B8BAA9500BDAE9E /* App */ = {
			isa = PBXGroup;
			children = (
				49C301BE2B8B9D6400BDAE9E /* SceneDelegate.swift */,
				49C301BC2B8B9D6400BDAE9E /* AppDelegate.swift */,
			);
			path = App;
			sourceTree = "<group>";
		};
		49C301D32B8BAAA500BDAE9E /* MainScreen */ = {
			isa = PBXGroup;
			children = (
				49C301D62B8BAAC500BDAE9E /* MainScreenViewModels */,
				49C301D52B8BAAB900BDAE9E /* MainScreenViews */,
				49C301D42B8BAAAE00BDAE9E /* MainScreenModels */,
			);
			path = MainScreen;
			sourceTree = "<group>";
		};
		49C301D42B8BAAAE00BDAE9E /* MainScreenModels */ = {
			isa = PBXGroup;
			children = (
			);
			path = MainScreenModels;
			sourceTree = "<group>";
		};
		49C301D52B8BAAB900BDAE9E /* MainScreenViews */ = {
			isa = PBXGroup;
			children = (
				49C301C02B8B9D6400BDAE9E /* MainCryptoInfoViewController.swift */,
				49C301E32B8BBEA900BDAE9E /* ExchangeListTableViewCell.swift */,
			);
			path = MainScreenViews;
			sourceTree = "<group>";
		};
		49C301D62B8BAAC500BDAE9E /* MainScreenViewModels */ = {
			isa = PBXGroup;
			children = (
			);
			path = MainScreenViewModels;
			sourceTree = "<group>";
		};
		49C301D72B8BAD6D00BDAE9E /* MainScreen */ = {
			isa = PBXGroup;
			children = (
				49C301D82B8BADA900BDAE9E /* MainPortfolioViewController.swift */,
			);
			path = MainScreen;
			sourceTree = "<group>";
		};
		49C301DA2B8BB08B00BDAE9E /* Constants */ = {
			isa = PBXGroup;
			children = (
				49C301DD2B8BB0DE00BDAE9E /* ColorsSet.swift */,
				49C301DB2B8BB09C00BDAE9E /* Titles.swift */,
				49C301DF2B8BB0FD00BDAE9E /* ImageNames.swift */,
				49C301E12B8BBDDC00BDAE9E /* CellIdentificators.swift */,
			);
			path = Constants;
			sourceTree = "<group>";
		};
		49C301E52B8BC92700BDAE9E /* Common */ = {
			isa = PBXGroup;
			children = (
				49C301E62B8BC95400BDAE9E /* NetworkManager.swift */,
			);
			path = Common;
			sourceTree = "<group>";
		};
		49C301E82B8BCD0700BDAE9E /* Models */ = {
			isa = PBXGroup;
			children = (
				49C301E92B8BCD2C00BDAE9E /* ExchangeInfoModel.swift */,
				49C301EB2B8BCD6100BDAE9E /* TickersDailyInfoModel.swift */,
				49C301ED2B8BCD8E00BDAE9E /* KlinesModel.swift */,
			);
			path = Models;
			sourceTree = "<group>";
		};
		8C40A283C45BA8ADE89D9CFD /* Pods */ = {
			isa = PBXGroup;
			children = (
				00991A43C45615680D679D64 /* Pods-AssetCryptoHub.debug.xcconfig */,
				E1F33273D8C52EECA31FB2BC /* Pods-AssetCryptoHub.release.xcconfig */,
			);
			path = Pods;
			sourceTree = "<group>";
		};
		AA89727C26CBAC14C85B32B6 /* Frameworks */ = {
			isa = PBXGroup;
			children = (
				6D59E835115B2F715A21FA02 /* Pods_AssetCryptoHub.framework */,
			);
			name = Frameworks;
			sourceTree = "<group>";
		};
/* End PBXGroup section */

/* Begin PBXNativeTarget section */
		49C301B82B8B9D6400BDAE9E /* AssetCryptoHub */ = {
			isa = PBXNativeTarget;
			buildConfigurationList = 49C301CD2B8B9D6600BDAE9E /* Build configuration list for PBXNativeTarget "AssetCryptoHub" */;
			buildPhases = (
				05D099F8D37BE1779CC1B30D /* [CP] Check Pods Manifest.lock */,
				49C301B52B8B9D6400BDAE9E /* Sources */,
				49C301B62B8B9D6400BDAE9E /* Frameworks */,
				49C301B72B8B9D6400BDAE9E /* Resources */,
				5CAC3EFCB45E73867B4A9353 /* [CP] Embed Pods Frameworks */,
			);
			buildRules = (
			);
			dependencies = (
			);
			name = AssetCryptoHub;
			productName = AssetCryptoHub;
			productReference = 49C301B92B8B9D6400BDAE9E /* AssetCryptoHub.app */;
			productType = "com.apple.product-type.application";
		};
/* End PBXNativeTarget section */

/* Begin PBXProject section */
		49C301B12B8B9D6400BDAE9E /* Project object */ = {
			isa = PBXProject;
			attributes = {
				BuildIndependentTargetsInParallel = 1;
				LastSwiftUpdateCheck = 1520;
				LastUpgradeCheck = 1520;
				TargetAttributes = {
					49C301B82B8B9D6400BDAE9E = {
						CreatedOnToolsVersion = 15.2;
					};
				};
			};
			buildConfigurationList = 49C301B42B8B9D6400BDAE9E /* Build configuration list for PBXProject "AssetCryptoHub" */;
			compatibilityVersion = "Xcode 14.0";
			developmentRegion = en;
			hasScannedForEncodings = 0;
			knownRegions = (
				en,
				Base,
			);
			mainGroup = 49C301B02B8B9D6400BDAE9E;
			productRefGroup = 49C301BA2B8B9D6400BDAE9E /* Products */;
			projectDirPath = "";
			projectRoot = "";
			targets = (
				49C301B82B8B9D6400BDAE9E /* AssetCryptoHub */,
			);
		};
/* End PBXProject section */

/* Begin PBXResourcesBuildPhase section */
		49C301B72B8B9D6400BDAE9E /* Resources */ = {
			isa = PBXResourcesBuildPhase;
			buildActionMask = 2147483647;
			files = (
				49C301C62B8B9D6600BDAE9E /* Assets.xcassets in Resources */,
			);
			runOnlyForDeploymentPostprocessing = 0;
		};
/* End PBXResourcesBuildPhase section */

/* Begin PBXShellScriptBuildPhase section */
		05D099F8D37BE1779CC1B30D /* [CP] Check Pods Manifest.lock */ = {
			isa = PBXShellScriptBuildPhase;
			buildActionMask = 2147483647;
			files = (
			);
			inputFileListPaths = (
			);
			inputPaths = (
				"${PODS_PODFILE_DIR_PATH}/Podfile.lock",
				"${PODS_ROOT}/Manifest.lock",
			);
			name = "[CP] Check Pods Manifest.lock";
			outputFileListPaths = (
			);
			outputPaths = (
				"$(DERIVED_FILE_DIR)/Pods-AssetCryptoHub-checkManifestLockResult.txt",
			);
			runOnlyForDeploymentPostprocessing = 0;
			shellPath = /bin/sh;
			shellScript = "diff \"${PODS_PODFILE_DIR_PATH}/Podfile.lock\" \"${PODS_ROOT}/Manifest.lock\" > /dev/null\nif [ $? != 0 ] ; then\n    # print error to STDERR\n    echo \"error: The sandbox is not in sync with the Podfile.lock. Run 'pod install' or update your CocoaPods installation.\" >&2\n    exit 1\nfi\n# This output is used by Xcode 'outputs' to avoid re-running this script phase.\necho \"SUCCESS\" > \"${SCRIPT_OUTPUT_FILE_0}\"\n";
			showEnvVarsInLog = 0;
		};
		5CAC3EFCB45E73867B4A9353 /* [CP] Embed Pods Frameworks */ = {
			isa = PBXShellScriptBuildPhase;
			buildActionMask = 2147483647;
			files = (
			);
			inputFileListPaths = (
				"${PODS_ROOT}/Target Support Files/Pods-AssetCryptoHub/Pods-AssetCryptoHub-frameworks-${CONFIGURATION}-input-files.xcfilelist",
			);
			name = "[CP] Embed Pods Frameworks";
			outputFileListPaths = (
				"${PODS_ROOT}/Target Support Files/Pods-AssetCryptoHub/Pods-AssetCryptoHub-frameworks-${CONFIGURATION}-output-files.xcfilelist",
			);
			runOnlyForDeploymentPostprocessing = 0;
			shellPath = /bin/sh;
			shellScript = "\"${PODS_ROOT}/Target Support Files/Pods-AssetCryptoHub/Pods-AssetCryptoHub-frameworks.sh\"\n";
			showEnvVarsInLog = 0;
		};
/* End PBXShellScriptBuildPhase section */

/* Begin PBXSourcesBuildPhase section */
		49C301B52B8B9D6400BDAE9E /* Sources */ = {
			isa = PBXSourcesBuildPhase;
			buildActionMask = 2147483647;
			files = (
				49C301C12B8B9D6400BDAE9E /* MainCryptoInfoViewController.swift in Sources */,
				49C301BD2B8B9D6400BDAE9E /* AppDelegate.swift in Sources */,
				49C301E72B8BC95400BDAE9E /* NetworkManager.swift in Sources */,
				49C301EC2B8BCD6100BDAE9E /* TickersDailyInfoModel.swift in Sources */,
				49C301EE2B8BCD8E00BDAE9E /* KlinesModel.swift in Sources */,
				49C301E42B8BBEA900BDAE9E /* ExchangeListTableViewCell.swift in Sources */,
				49C301D92B8BADA900BDAE9E /* MainPortfolioViewController.swift in Sources */,
				49C301E22B8BBDDC00BDAE9E /* CellIdentificators.swift in Sources */,
				49C301BF2B8B9D6400BDAE9E /* SceneDelegate.swift in Sources */,
				49C301E02B8BB0FD00BDAE9E /* ImageNames.swift in Sources */,
				49C301EA2B8BCD2C00BDAE9E /* ExchangeInfoModel.swift in Sources */,
				49C301DE2B8BB0DE00BDAE9E /* ColorsSet.swift in Sources */,
				49C301DC2B8BB09D00BDAE9E /* Titles.swift in Sources */,
			);
			runOnlyForDeploymentPostprocessing = 0;
		};
/* End PBXSourcesBuildPhase section */

/* Begin XCBuildConfiguration section */
		49C301CB2B8B9D6600BDAE9E /* Debug */ = {
			isa = XCBuildConfiguration;
			buildSettings = {
				ALWAYS_SEARCH_USER_PATHS = NO;
				ASSETCATALOG_COMPILER_GENERATE_SWIFT_ASSET_SYMBOL_EXTENSIONS = YES;
				CLANG_ANALYZER_NONNULL = YES;
				CLANG_ANALYZER_NUMBER_OBJECT_CONVERSION = YES_AGGRESSIVE;
				CLANG_CXX_LANGUAGE_STANDARD = "gnu++20";
				CLANG_ENABLE_MODULES = YES;
				CLANG_ENABLE_OBJC_ARC = YES;
				CLANG_ENABLE_OBJC_WEAK = YES;
				CLANG_WARN_BLOCK_CAPTURE_AUTORELEASING = YES;
				CLANG_WARN_BOOL_CONVERSION = YES;
				CLANG_WARN_COMMA = YES;
				CLANG_WARN_CONSTANT_CONVERSION = YES;
				CLANG_WARN_DEPRECATED_OBJC_IMPLEMENTATIONS = YES;
				CLANG_WARN_DIRECT_OBJC_ISA_USAGE = YES_ERROR;
				CLANG_WARN_DOCUMENTATION_COMMENTS = YES;
				CLANG_WARN_EMPTY_BODY = YES;
				CLANG_WARN_ENUM_CONVERSION = YES;
				CLANG_WARN_INFINITE_RECURSION = YES;
				CLANG_WARN_INT_CONVERSION = YES;
				CLANG_WARN_NON_LITERAL_NULL_CONVERSION = YES;
				CLANG_WARN_OBJC_IMPLICIT_RETAIN_SELF = YES;
				CLANG_WARN_OBJC_LITERAL_CONVERSION = YES;
				CLANG_WARN_OBJC_ROOT_CLASS = YES_ERROR;
				CLANG_WARN_QUOTED_INCLUDE_IN_FRAMEWORK_HEADER = YES;
				CLANG_WARN_RANGE_LOOP_ANALYSIS = YES;
				CLANG_WARN_STRICT_PROTOTYPES = YES;
				CLANG_WARN_SUSPICIOUS_MOVE = YES;
				CLANG_WARN_UNGUARDED_AVAILABILITY = YES_AGGRESSIVE;
				CLANG_WARN_UNREACHABLE_CODE = YES;
				CLANG_WARN__DUPLICATE_METHOD_MATCH = YES;
				COPY_PHASE_STRIP = NO;
				DEBUG_INFORMATION_FORMAT = dwarf;
				ENABLE_STRICT_OBJC_MSGSEND = YES;
				ENABLE_TESTABILITY = YES;
				ENABLE_USER_SCRIPT_SANDBOXING = NO;
				GCC_C_LANGUAGE_STANDARD = gnu17;
				GCC_DYNAMIC_NO_PIC = NO;
				GCC_NO_COMMON_BLOCKS = YES;
				GCC_OPTIMIZATION_LEVEL = 0;
				GCC_PREPROCESSOR_DEFINITIONS = (
					"DEBUG=1",
					"$(inherited)",
				);
				GCC_WARN_64_TO_32_BIT_CONVERSION = YES;
				GCC_WARN_ABOUT_RETURN_TYPE = YES_ERROR;
				GCC_WARN_UNDECLARED_SELECTOR = YES;
				GCC_WARN_UNINITIALIZED_AUTOS = YES_AGGRESSIVE;
				GCC_WARN_UNUSED_FUNCTION = YES;
				GCC_WARN_UNUSED_VARIABLE = YES;
				IPHONEOS_DEPLOYMENT_TARGET = 17.2;
				LOCALIZATION_PREFERS_STRING_CATALOGS = YES;
				MTL_ENABLE_DEBUG_INFO = INCLUDE_SOURCE;
				MTL_FAST_MATH = YES;
				ONLY_ACTIVE_ARCH = YES;
				SDKROOT = iphoneos;
				SWIFT_ACTIVE_COMPILATION_CONDITIONS = "DEBUG $(inherited)";
				SWIFT_OPTIMIZATION_LEVEL = "-Onone";
			};
			name = Debug;
		};
		49C301CC2B8B9D6600BDAE9E /* Release */ = {
			isa = XCBuildConfiguration;
			buildSettings = {
				ALWAYS_SEARCH_USER_PATHS = NO;
				ASSETCATALOG_COMPILER_GENERATE_SWIFT_ASSET_SYMBOL_EXTENSIONS = YES;
				CLANG_ANALYZER_NONNULL = YES;
				CLANG_ANALYZER_NUMBER_OBJECT_CONVERSION = YES_AGGRESSIVE;
				CLANG_CXX_LANGUAGE_STANDARD = "gnu++20";
				CLANG_ENABLE_MODULES = YES;
				CLANG_ENABLE_OBJC_ARC = YES;
				CLANG_ENABLE_OBJC_WEAK = YES;
				CLANG_WARN_BLOCK_CAPTURE_AUTORELEASING = YES;
				CLANG_WARN_BOOL_CONVERSION = YES;
				CLANG_WARN_COMMA = YES;
				CLANG_WARN_CONSTANT_CONVERSION = YES;
				CLANG_WARN_DEPRECATED_OBJC_IMPLEMENTATIONS = YES;
				CLANG_WARN_DIRECT_OBJC_ISA_USAGE = YES_ERROR;
				CLANG_WARN_DOCUMENTATION_COMMENTS = YES;
				CLANG_WARN_EMPTY_BODY = YES;
				CLANG_WARN_ENUM_CONVERSION = YES;
				CLANG_WARN_INFINITE_RECURSION = YES;
				CLANG_WARN_INT_CONVERSION = YES;
				CLANG_WARN_NON_LITERAL_NULL_CONVERSION = YES;
				CLANG_WARN_OBJC_IMPLICIT_RETAIN_SELF = YES;
				CLANG_WARN_OBJC_LITERAL_CONVERSION = YES;
				CLANG_WARN_OBJC_ROOT_CLASS = YES_ERROR;
				CLANG_WARN_QUOTED_INCLUDE_IN_FRAMEWORK_HEADER = YES;
				CLANG_WARN_RANGE_LOOP_ANALYSIS = YES;
				CLANG_WARN_STRICT_PROTOTYPES = YES;
				CLANG_WARN_SUSPICIOUS_MOVE = YES;
				CLANG_WARN_UNGUARDED_AVAILABILITY = YES_AGGRESSIVE;
				CLANG_WARN_UNREACHABLE_CODE = YES;
				CLANG_WARN__DUPLICATE_METHOD_MATCH = YES;
				COPY_PHASE_STRIP = NO;
				DEBUG_INFORMATION_FORMAT = "dwarf-with-dsym";
				ENABLE_NS_ASSERTIONS = NO;
				ENABLE_STRICT_OBJC_MSGSEND = YES;
				ENABLE_USER_SCRIPT_SANDBOXING = NO;
				GCC_C_LANGUAGE_STANDARD = gnu17;
				GCC_NO_COMMON_BLOCKS = YES;
				GCC_WARN_64_TO_32_BIT_CONVERSION = YES;
				GCC_WARN_ABOUT_RETURN_TYPE = YES_ERROR;
				GCC_WARN_UNDECLARED_SELECTOR = YES;
				GCC_WARN_UNINITIALIZED_AUTOS = YES_AGGRESSIVE;
				GCC_WARN_UNUSED_FUNCTION = YES;
				GCC_WARN_UNUSED_VARIABLE = YES;
				IPHONEOS_DEPLOYMENT_TARGET = 17.2;
				LOCALIZATION_PREFERS_STRING_CATALOGS = YES;
				MTL_ENABLE_DEBUG_INFO = NO;
				MTL_FAST_MATH = YES;
				SDKROOT = iphoneos;
				SWIFT_COMPILATION_MODE = wholemodule;
				VALIDATE_PRODUCT = YES;
			};
			name = Release;
		};
		49C301CE2B8B9D6600BDAE9E /* Debug */ = {
			isa = XCBuildConfiguration;
			baseConfigurationReference = 00991A43C45615680D679D64 /* Pods-AssetCryptoHub.debug.xcconfig */;
			buildSettings = {
				ASSETCATALOG_COMPILER_APPICON_NAME = AppIcon;
				ASSETCATALOG_COMPILER_GLOBAL_ACCENT_COLOR_NAME = AccentColor;
				CODE_SIGN_STYLE = Automatic;
				CURRENT_PROJECT_VERSION = 1;
				DEVELOPMENT_TEAM = KWG6Z2ZCR9;
				GENERATE_INFOPLIST_FILE = YES;
				INFOPLIST_FILE = AssetCryptoHub/Info.plist;
				INFOPLIST_KEY_UIApplicationSupportsIndirectInputEvents = YES;
				INFOPLIST_KEY_UILaunchStoryboardName = LaunchScreen;
				INFOPLIST_KEY_UISupportedInterfaceOrientations_iPad = "UIInterfaceOrientationPortrait UIInterfaceOrientationPortraitUpsideDown UIInterfaceOrientationLandscapeLeft UIInterfaceOrientationLandscapeRight";
				INFOPLIST_KEY_UISupportedInterfaceOrientations_iPhone = "UIInterfaceOrientationPortrait UIInterfaceOrientationLandscapeLeft UIInterfaceOrientationLandscapeRight";
				LD_RUNPATH_SEARCH_PATHS = (
					"$(inherited)",
					"@executable_path/Frameworks",
				);
				MARKETING_VERSION = 1.0;
				PRODUCT_BUNDLE_IDENTIFIER = SmartStart.AssetCryptoHub;
				PRODUCT_NAME = "$(TARGET_NAME)";
				SWIFT_EMIT_LOC_STRINGS = YES;
				SWIFT_VERSION = 5.0;
				TARGETED_DEVICE_FAMILY = "1,2";
			};
			name = Debug;
		};
		49C301CF2B8B9D6600BDAE9E /* Release */ = {
			isa = XCBuildConfiguration;
			baseConfigurationReference = E1F33273D8C52EECA31FB2BC /* Pods-AssetCryptoHub.release.xcconfig */;
			buildSettings = {
				ASSETCATALOG_COMPILER_APPICON_NAME = AppIcon;
				ASSETCATALOG_COMPILER_GLOBAL_ACCENT_COLOR_NAME = AccentColor;
				CODE_SIGN_STYLE = Automatic;
				CURRENT_PROJECT_VERSION = 1;
				DEVELOPMENT_TEAM = KWG6Z2ZCR9;
				GENERATE_INFOPLIST_FILE = YES;
				INFOPLIST_FILE = AssetCryptoHub/Info.plist;
				INFOPLIST_KEY_UIApplicationSupportsIndirectInputEvents = YES;
				INFOPLIST_KEY_UILaunchStoryboardName = LaunchScreen;
				INFOPLIST_KEY_UISupportedInterfaceOrientations_iPad = "UIInterfaceOrientationPortrait UIInterfaceOrientationPortraitUpsideDown UIInterfaceOrientationLandscapeLeft UIInterfaceOrientationLandscapeRight";
				INFOPLIST_KEY_UISupportedInterfaceOrientations_iPhone = "UIInterfaceOrientationPortrait UIInterfaceOrientationLandscapeLeft UIInterfaceOrientationLandscapeRight";
				LD_RUNPATH_SEARCH_PATHS = (
					"$(inherited)",
					"@executable_path/Frameworks",
				);
				MARKETING_VERSION = 1.0;
				PRODUCT_BUNDLE_IDENTIFIER = SmartStart.AssetCryptoHub;
				PRODUCT_NAME = "$(TARGET_NAME)";
				SWIFT_EMIT_LOC_STRINGS = YES;
				SWIFT_VERSION = 5.0;
				TARGETED_DEVICE_FAMILY = "1,2";
			};
			name = Release;
		};
/* End XCBuildConfiguration section */

/* Begin XCConfigurationList section */
		49C301B42B8B9D6400BDAE9E /* Build configuration list for PBXProject "AssetCryptoHub" */ = {
			isa = XCConfigurationList;
			buildConfigurations = (
				49C301CB2B8B9D6600BDAE9E /* Debug */,
				49C301CC2B8B9D6600BDAE9E /* Release */,
			);
			defaultConfigurationIsVisible = 0;
			defaultConfigurationName = Release;
		};
		49C301CD2B8B9D6600BDAE9E /* Build configuration list for PBXNativeTarget "AssetCryptoHub" */ = {
			isa = XCConfigurationList;
			buildConfigurations = (
				49C301CE2B8B9D6600BDAE9E /* Debug */,
				49C301CF2B8B9D6600BDAE9E /* Release */,
			);
			defaultConfigurationIsVisible = 0;
			defaultConfigurationName = Release;
		};
/* End XCConfigurationList section */
	};
	rootObject = 49C301B12B8B9D6400BDAE9E /* Project object */;
}
